
Microsoft Visual Studio Solution File, Format Version 12.00
# Visual Studio 2012
Project("{FAE04EC0-301F-11D3-BF4B-00C04F79EFBC}") = "MacDonaldsFile", "MacDonaldsFile\MacDonaldsFile.csproj", "{5437996A-42D1-4DF1-847B-26A164CA9FEB}"
EndProject
Global
	GlobalSection(SolutionConfigurationPlatforms) = preSolution
		Debug|Any CPU = Debug|Any CPU
		Release|Any CPU = Release|Any CPU
	EndGlobalSection
	GlobalSection(ProjectConfigurationPlatforms) = postSolution
		{5437996A-42D1-4DF1-847B-26A164CA9FEB}.Debug|Any CPU.ActiveCfg = Debug|Any CPU
		{5437996A-42D1-4DF1-847B-26A164CA9FEB}.Debug|Any CPU.Build.0 = Debug|Any CPU
		{5437996A-42D1-4DF1-847B-26A164CA9FEB}.Release|Any CPU.ActiveCfg = Release|Any CPU
		{5437996A-42D1-4DF1-847B-26A164CA9FEB}.Release|Any CPU.Build.0 = Release|Any CPU
	EndGlobalSection
	GlobalSection(SolutionProperties) = preSolution
		HideSolutionNode = FALSE
	EndGlobalSection
EndGlobal
